
Microsoft Visual Studio Solution File, Format Version 12.00
# Visual Studio Version 16
VisualStudioVersion = 16.0.31019.35
MinimumVisualStudioVersion = 10.0.40219.1
Project("{FAE04EC0-301F-11D3-BF4B-00C04F79EFBC}") = "3.1", "3.1.csproj", "{C673E3ED-D779-4947-A10C-3D75CDDC309A}"
EndProject
Project("{FAE04EC0-301F-11D3-BF4B-00C04F79EFBC}") = "3.2", "..\3.2\3.2.csproj", "{F347D209-E446-462A-8C2E-E5145CADA98B}"
EndProject
Global
	GlobalSection(SolutionConfigurationPlatforms) = preSolution
		Debug|Any CPU = Debug|Any CPU
		Release|Any CPU = Release|Any CPU
	EndGlobalSection
	GlobalSection(ProjectConfigurationPlatforms) = postSolution
		{C673E3ED-D779-4947-A10C-3D75CDDC309A}.Debug|Any CPU.ActiveCfg = Debug|Any CPU
		{C673E3ED-D779-4947-A10C-3D75CDDC309A}.Debug|Any CPU.Build.0 = Debug|Any CPU
		{C673E3ED-D779-4947-A10C-3D75CDDC309A}.Release|Any CPU.ActiveCfg = Release|Any CPU
		{C673E3ED-D779-4947-A10C-3D75CDDC309A}.Release|Any CPU.Build.0 = Release|Any CPU
		{F347D209-E446-462A-8C2E-E5145CADA98B}.Debug|Any CPU.ActiveCfg = Debug|Any CPU
		{F347D209-E446-462A-8C2E-E5145CADA98B}.Debug|Any CPU.Build.0 = Debug|Any CPU
		{F347D209-E446-462A-8C2E-E5145CADA98B}.Release|Any CPU.ActiveCfg = Release|Any CPU
		{F347D209-E446-462A-8C2E-E5145CADA98B}.Release|Any CPU.Build.0 = Release|Any CPU
	EndGlobalSection
	GlobalSection(SolutionProperties) = preSolution
		HideSolutionNode = FALSE
	EndGlobalSection
	GlobalSection(ExtensibilityGlobals) = postSolution
		SolutionGuid = {62C28EC0-2097-4AC0-B1DD-BD11B52D9853}
	EndGlobalSection
EndGlobal
