
Microsoft Visual Studio Solution File, Format Version 12.00
# Visual Studio Version 16
VisualStudioVersion = 16.0.31019.35
MinimumVisualStudioVersion = 10.0.40219.1
Project("{FAE04EC0-301F-11D3-BF4B-00C04F79EFBC}") = "1.2", "1.2.csproj", "{78CB7F78-10CF-472A-A0AF-1ACA60374C0C}"
EndProject
Global
	GlobalSection(SolutionConfigurationPlatforms) = preSolution
		Debug|Any CPU = Debug|Any CPU
		Release|Any CPU = Release|Any CPU
	EndGlobalSection
	GlobalSection(ProjectConfigurationPlatforms) = postSolution
		{78CB7F78-10CF-472A-A0AF-1ACA60374C0C}.Debug|Any CPU.ActiveCfg = Debug|Any CPU
		{78CB7F78-10CF-472A-A0AF-1ACA60374C0C}.Debug|Any CPU.Build.0 = Debug|Any CPU
		{78CB7F78-10CF-472A-A0AF-1ACA60374C0C}.Release|Any CPU.ActiveCfg = Release|Any CPU
		{78CB7F78-10CF-472A-A0AF-1ACA60374C0C}.Release|Any CPU.Build.0 = Release|Any CPU
	EndGlobalSection
	GlobalSection(SolutionProperties) = preSolution
		HideSolutionNode = FALSE
	EndGlobalSection
	GlobalSection(ExtensibilityGlobals) = postSolution
		SolutionGuid = {328E1E1A-664D-4332-AAD5-981F285C1848}
	EndGlobalSection
EndGlobal
