
Microsoft Visual Studio Solution File, Format Version 12.00
# Visual Studio Version 16
VisualStudioVersion = 16.0.31019.35
MinimumVisualStudioVersion = 10.0.40219.1
Project("{FAE04EC0-301F-11D3-BF4B-00C04F79EFBC}") = "T5", "T5.csproj", "{63EA59DB-A228-46F8-B489-6F5106086909}"
EndProject
Global
	GlobalSection(SolutionConfigurationPlatforms) = preSolution
		Debug|Any CPU = Debug|Any CPU
		Release|Any CPU = Release|Any CPU
	EndGlobalSection
	GlobalSection(ProjectConfigurationPlatforms) = postSolution
		{63EA59DB-A228-46F8-B489-6F5106086909}.Debug|Any CPU.ActiveCfg = Debug|Any CPU
		{63EA59DB-A228-46F8-B489-6F5106086909}.Debug|Any CPU.Build.0 = Debug|Any CPU
		{63EA59DB-A228-46F8-B489-6F5106086909}.Release|Any CPU.ActiveCfg = Release|Any CPU
		{63EA59DB-A228-46F8-B489-6F5106086909}.Release|Any CPU.Build.0 = Release|Any CPU
	EndGlobalSection
	GlobalSection(SolutionProperties) = preSolution
		HideSolutionNode = FALSE
	EndGlobalSection
	GlobalSection(ExtensibilityGlobals) = postSolution
		SolutionGuid = {A8C9FA20-2DEB-46F3-9065-046CBDD0B20B}
	EndGlobalSection
EndGlobal
